
Microsoft Visual Studio Solution File, Format Version 12.00
# Visual Studio Version 16
VisualStudioVersion = 16.0.30611.23
MinimumVisualStudioVersion = 10.0.40219.1
Project("{FAE04EC0-301F-11D3-BF4B-00C04F79EFBC}") = "Es. Thread WPF", "Es. Thread WPF\Es. Thread WPF.csproj", "{52EDB6FD-15A9-40BE-BBF8-ADC4A2D8BC7D}"
EndProject
Global
	GlobalSection(SolutionConfigurationPlatforms) = preSolution
		Debug|Any CPU = Debug|Any CPU
		Release|Any CPU = Release|Any CPU
	EndGlobalSection
	GlobalSection(ProjectConfigurationPlatforms) = postSolution
		{52EDB6FD-15A9-40BE-BBF8-ADC4A2D8BC7D}.Debug|Any CPU.ActiveCfg = Debug|Any CPU
		{52EDB6FD-15A9-40BE-BBF8-ADC4A2D8BC7D}.Debug|Any CPU.Build.0 = Debug|Any CPU
		{52EDB6FD-15A9-40BE-BBF8-ADC4A2D8BC7D}.Release|Any CPU.ActiveCfg = Release|Any CPU
		{52EDB6FD-15A9-40BE-BBF8-ADC4A2D8BC7D}.Release|Any CPU.Build.0 = Release|Any CPU
	EndGlobalSection
	GlobalSection(SolutionProperties) = preSolution
		HideSolutionNode = FALSE
	EndGlobalSection
	GlobalSection(ExtensibilityGlobals) = postSolution
		SolutionGuid = {1C751667-EB8C-4C0D-9806-132826422BD0}
	EndGlobalSection
EndGlobal
